
Microsoft Visual Studio Solution File, Format Version 12.00
# Visual Studio 15
Project("{FAE04EC0-301F-11D3-BF4B-00C04F79EFBC}") = "Pyramid", "Pyramid\Pyramid.csproj", "{2388BFC8-326F-41C2-989D-CDAC267D623E}"
EndProject
Global
	GlobalSection(SolutionConfigurationPlatforms) = preSolution
		Debug|anycpu = Debug|anycpu
		Release|anycpu = Release|anycpu
	EndGlobalSection
	GlobalSection(ProjectConfigurationPlatforms) = postSolution
		{2388BFC8-326F-41C2-989D-CDAC267D623E}.Debug|anycpu.ActiveCfg = Debug|anycpu
		{2388BFC8-326F-41C2-989D-CDAC267D623E}.Debug|anycpu.Build.0 = Debug|anycpu
		{2388BFC8-326F-41C2-989D-CDAC267D623E}.Release|anycpu.ActiveCfg = Release|anycpu
		{2388BFC8-326F-41C2-989D-CDAC267D623E}.Release|anycpu.Build.0 = Release|anycpu
	EndGlobalSection
EndGlobal
